
Microsoft Visual Studio Solution File, Format Version 12.00
# Visual Studio 15
VisualStudioVersion = 15.0.27130.2027
MinimumVisualStudioVersion = 10.0.40219.1
Project("{FAE04EC0-301F-11D3-BF4B-00C04F79EFBC}") = "Exam1_Z1", "Exam1_Z1\Exam1_Z1.csproj", "{BF784625-85CF-4DD4-B4D5-5F2C48012038}"
EndProject
Global
	GlobalSection(SolutionConfigurationPlatforms) = preSolution
		Debug|Any CPU = Debug|Any CPU
		Release|Any CPU = Release|Any CPU
	EndGlobalSection
	GlobalSection(ProjectConfigurationPlatforms) = postSolution
		{BF784625-85CF-4DD4-B4D5-5F2C48012038}.Debug|Any CPU.ActiveCfg = Debug|Any CPU
		{BF784625-85CF-4DD4-B4D5-5F2C48012038}.Debug|Any CPU.Build.0 = Debug|Any CPU
		{BF784625-85CF-4DD4-B4D5-5F2C48012038}.Release|Any CPU.ActiveCfg = Release|Any CPU
		{BF784625-85CF-4DD4-B4D5-5F2C48012038}.Release|Any CPU.Build.0 = Release|Any CPU
	EndGlobalSection
	GlobalSection(SolutionProperties) = preSolution
		HideSolutionNode = FALSE
	EndGlobalSection
	GlobalSection(ExtensibilityGlobals) = postSolution
		SolutionGuid = {59C3D4D9-186B-4276-A092-BC9B85BE9F35}
	EndGlobalSection
EndGlobal
